{
  "version": "3",
  "packages": {
    "specifiers": {
      "jsr:@oak/commons@0.6": "jsr:@oak/commons@0.6.1",
      "jsr:@oak/oak@14": "jsr:@oak/oak@14.1.1",
      "jsr:@std/assert@0.215": "jsr:@std/assert@0.215.0",
      "jsr:@std/assert@0.218": "jsr:@std/assert@0.218.2",
      "jsr:@std/assert@^0.218.2": "jsr:@std/assert@0.218.2",
      "jsr:@std/bytes@0.218": "jsr:@std/bytes@0.218.2",
      "jsr:@std/bytes@^0.218.2": "jsr:@std/bytes@0.218.2",
      "jsr:@std/collections@^0.218.2": "jsr:@std/collections@0.218.2",
      "jsr:@std/crypto@0.218": "jsr:@std/crypto@0.218.2",
      "jsr:@std/encoding@0.215": "jsr:@std/encoding@0.215.0",
      "jsr:@std/encoding@0.218": "jsr:@std/encoding@0.218.2",
      "jsr:@std/encoding@^0.218.2": "jsr:@std/encoding@0.218.2",
      "jsr:@std/http@0.218": "jsr:@std/http@0.218.2",
      "jsr:@std/io@0.218": "jsr:@std/io@0.218.2",
      "jsr:@std/media-types@0.215": "jsr:@std/media-types@0.215.0",
      "jsr:@std/media-types@0.218": "jsr:@std/media-types@0.218.2",
      "jsr:@std/path@0.218": "jsr:@std/path@0.218.2",
      "jsr:@std/semver@^0.218.2": "jsr:@std/semver@0.218.2",
      "npm:badge-maker@3.3.1": "npm:badge-maker@3.3.1",
      "npm:path-to-regexp@6.2.1": "npm:path-to-regexp@6.2.1"
    },
    "jsr": {
      "@oak/commons@0.6.1": {
        "integrity": "c5455d45966d61e11a7a241503ee9b770e0c527f1951edd2a565eff531b8070d",
        "dependencies": [
          "jsr:@std/assert@0.215",
          "jsr:@std/encoding@0.215",
          "jsr:@std/media-types@0.215"
        ]
      },
      "@oak/oak@14.1.1": {
        "integrity": "5ab8c0c7fba2f70cbc96ff6b22397c95cb361cf63cff3649124e85b43d74ec78",
        "dependencies": [
          "jsr:@oak/commons@0.6",
          "jsr:@std/assert@0.218",
          "jsr:@std/bytes@0.218",
          "jsr:@std/crypto@0.218",
          "jsr:@std/encoding@0.218",
          "jsr:@std/http@0.218",
          "jsr:@std/io@0.218",
          "jsr:@std/media-types@0.218",
          "jsr:@std/path@0.218",
          "npm:path-to-regexp@6.2.1"
        ]
      },
      "@std/assert@0.215.0": {
        "integrity": "4d80a5b5f1aef916131e3b5dcf8cfdad397affe87da7fa6398d8088e146d1e48"
      },
      "@std/assert@0.218.2": {
        "integrity": "7f0a5a1a8cf86607cd6c2c030584096e1ffad27fc9271429a8cb48cfbdee5eaf"
      },
      "@std/bytes@0.218.2": {
        "integrity": "91fe54b232dcca73856b79a817247f4a651dbb60d51baafafb6408c137241670"
      },
      "@std/collections@0.218.2": {
        "integrity": "95e863da51e390a546a9b25ccc35808859240be29ecbd025ff5edb407d80662e"
      },
      "@std/crypto@0.218.2": {
        "integrity": "8c5031a3a1c3ac3bed3c0d4bed2fe7e7faedcb673bbfa0edd10570c8452f5cd2",
        "dependencies": [
          "jsr:@std/assert@^0.218.2",
          "jsr:@std/encoding@^0.218.2"
        ]
      },
      "@std/encoding@0.215.0": {
        "integrity": "9b24c964b0f61ea849d1ea38de7dea2190d08c8ffed732d36595bfb1b5e4dbe5"
      },
      "@std/encoding@0.218.2": {
        "integrity": "da55a763c29bf0dbf06fd286430b358266eb99c28789d89fe9a3e28edecb8d8e"
      },
      "@std/http@0.218.2": {
        "integrity": "54223b62702e665b9dab6373ea2e51235e093ef47228d21cfa0469ee5ac75c9b",
        "dependencies": [
          "jsr:@std/assert@^0.218.2",
          "jsr:@std/encoding@^0.218.2"
        ]
      },
      "@std/io@0.218.2": {
        "integrity": "c64fbfa087b7c9d4d386c5672f291f607d88cb7d44fc299c20c713e345f2785f",
        "dependencies": [
          "jsr:@std/bytes@^0.218.2"
        ]
      },
      "@std/media-types@0.215.0": {
        "integrity": "76f3259f65193e848795e634b2782e7d90c861364fb90bcd81775378688091f1"
      },
      "@std/media-types@0.218.2": {
        "integrity": "1ed3bd2a05e44bad3fc2bab1767d0ce7f2fd68baee62a980751ce51633acb788"
      },
      "@std/path@0.218.2": {
        "integrity": "b568fd923d9e53ad76d17c513e7310bda8e755a3e825e6289a0ce536404e2662",
        "dependencies": [
          "jsr:@std/assert@^0.218.2"
        ]
      },
      "@std/semver@0.218.2": {
        "integrity": "10517b0888e42d284cf84fb7dddbdc322de09fabeb5ef5b5a87224347390839d"
      }
    },
    "npm": {
      "anafanafo@2.0.0": {
        "integrity": "sha512-Nlfq7NC4AOkTJerWRIZcOAiMNtIDVIGWGvQ98O7Jl6Kr2Dk0dX5u4MqN778kSRTy5KRqchpLdF2RtLFEz9FVkQ==",
        "dependencies": {
          "char-width-table-consumer": "char-width-table-consumer@1.0.0"
        }
      },
      "badge-maker@3.3.1": {
        "integrity": "sha512-OO/PS7Zg2E6qaUWzHEHt21Q5VjcFBAJVA8ztgT/fIdSZFBUwoyeo0ZhA6V5tUM8Vcjq8DJl6jfGhpjESssyqMQ==",
        "dependencies": {
          "anafanafo": "anafanafo@2.0.0",
          "css-color-converter": "css-color-converter@2.0.0"
        }
      },
      "binary-search@1.3.6": {
        "integrity": "sha512-nbE1WxOTTrUWIfsfZ4aHGYu5DOuNkbxGokjV6Z2kxfJK3uaAb8zNK1muzOeipoLHZjInT4Br88BHpzevc681xA==",
        "dependencies": {}
      },
      "char-width-table-consumer@1.0.0": {
        "integrity": "sha512-Fz4UD0LBpxPgL9i29CJ5O4KANwaMnX/OhhbxzvNa332h+9+nRKyeuLw4wA51lt/ex67+/AdsoBQJF3kgX2feYQ==",
        "dependencies": {
          "binary-search": "binary-search@1.3.6"
        }
      },
      "color-convert@0.5.3": {
        "integrity": "sha512-RwBeO/B/vZR3dfKL1ye/vx8MHZ40ugzpyfeVG5GsiuGnrlMWe2o8wxBbLCpw9CsxV+wHuzYlCiWnybrIA0ling==",
        "dependencies": {}
      },
      "color-name@1.1.4": {
        "integrity": "sha512-dOy+3AuW3a2wNbZHIuMZpTcgjGuLU/uBL/ubcZF9OXbDo8ff4O8yVp5Bf0efS8uEoYo5q4Fx7dY9OgQGXgAsQA==",
        "dependencies": {}
      },
      "css-color-converter@2.0.0": {
        "integrity": "sha512-oLIG2soZz3wcC3aAl/7Us5RS8Hvvc6I8G8LniF/qfMmrm7fIKQ8RIDDRZeKyGL2SrWfNqYspuLShbnjBMVWm8g==",
        "dependencies": {
          "color-convert": "color-convert@0.5.3",
          "color-name": "color-name@1.1.4",
          "css-unit-converter": "css-unit-converter@1.1.2"
        }
      },
      "css-unit-converter@1.1.2": {
        "integrity": "sha512-IiJwMC8rdZE0+xiEZHeru6YoONC4rfPMqGm2W85jMIbkFvv5nFTwJVFHam2eFrN6txmoUYFAFXiv8ICVeTO0MA==",
        "dependencies": {}
      },
      "path-to-regexp@6.2.1": {
        "integrity": "sha512-JLyh7xT1kizaEvcaXOQwOc2/Yhw6KZOvPf1S8401UyLk86CU79LN3vl7ztXGm/pZ+YjoyAJ4rxmHwbkBXJX+yw==",
        "dependencies": {}
      }
    }
  },
  "remote": {}
}
